{
  "name": "@akbr/update",
  "version": "1.0.0",
  "lockfileVersion": 1,
  "requires": true,
  "dependencies": {
    "@akbr/make-path": {
      "version": "1.0.1",
      "resolved": "https://registry.npmjs.org/@akbr/make-path/-/make-path-1.0.1.tgz",
      "integrity": "sha1-hdYHmH1MpISrkrJWxvy4kB60mOg="
    }
  }
}
